
Microsoft Visual Studio Solution File, Format Version 12.00
# Visual Studio 15
VisualStudioVersion = 15.0.34112.143
MinimumVisualStudioVersion = 10.0.40219.1
Project("{8BC9CEB8-8B4A-11D0-8D11-00A0C91BC942}") = "P9_2_EvenParity", "P9_2_EvenParity\P9_2_EvenParity.vcxproj", "{8B5B5ED3-34E6-4077-BAF2-4869772EAA67}"
EndProject
Global
	GlobalSection(SolutionConfigurationPlatforms) = preSolution
		Debug|x64 = Debug|x64
		Debug|x86 = Debug|x86
		Release|x64 = Release|x64
		Release|x86 = Release|x86
	EndGlobalSection
	GlobalSection(ProjectConfigurationPlatforms) = postSolution
		{8B5B5ED3-34E6-4077-BAF2-4869772EAA67}.Debug|x64.ActiveCfg = Debug|x64
		{8B5B5ED3-34E6-4077-BAF2-4869772EAA67}.Debug|x64.Build.0 = Debug|x64
		{8B5B5ED3-34E6-4077-BAF2-4869772EAA67}.Debug|x86.ActiveCfg = Debug|Win32
		{8B5B5ED3-34E6-4077-BAF2-4869772EAA67}.Debug|x86.Build.0 = Debug|Win32
		{8B5B5ED3-34E6-4077-BAF2-4869772EAA67}.Release|x64.ActiveCfg = Release|x64
		{8B5B5ED3-34E6-4077-BAF2-4869772EAA67}.Release|x64.Build.0 = Release|x64
		{8B5B5ED3-34E6-4077-BAF2-4869772EAA67}.Release|x86.ActiveCfg = Release|Win32
		{8B5B5ED3-34E6-4077-BAF2-4869772EAA67}.Release|x86.Build.0 = Release|Win32
	EndGlobalSection
	GlobalSection(SolutionProperties) = preSolution
		HideSolutionNode = FALSE
	EndGlobalSection
	GlobalSection(ExtensibilityGlobals) = postSolution
		SolutionGuid = {5CC32281-FEF2-44BC-BE2F-236DC609E3DC}
	EndGlobalSection
EndGlobal
